
Microsoft Visual Studio Solution File, Format Version 12.00
# Visual Studio Version 17
VisualStudioVersion = 17.11.35303.130
MinimumVisualStudioVersion = 10.0.40219.1
Project("{FAE04EC0-301F-11D3-BF4B-00C04F79EFBC}") = "Myfirsthelloword", "Myfirsthelloword.csproj", "{3F04B5E1-7C52-4CC3-818C-A5754F4B3FE4}"
EndProject
Global
	GlobalSection(SolutionConfigurationPlatforms) = preSolution
		Debug|Any CPU = Debug|Any CPU
		Release|Any CPU = Release|Any CPU
	EndGlobalSection
	GlobalSection(ProjectConfigurationPlatforms) = postSolution
		{3F04B5E1-7C52-4CC3-818C-A5754F4B3FE4}.Debug|Any CPU.ActiveCfg = Debug|Any CPU
		{3F04B5E1-7C52-4CC3-818C-A5754F4B3FE4}.Debug|Any CPU.Build.0 = Debug|Any CPU
		{3F04B5E1-7C52-4CC3-818C-A5754F4B3FE4}.Release|Any CPU.ActiveCfg = Release|Any CPU
		{3F04B5E1-7C52-4CC3-818C-A5754F4B3FE4}.Release|Any CPU.Build.0 = Release|Any CPU
	EndGlobalSection
	GlobalSection(SolutionProperties) = preSolution
		HideSolutionNode = FALSE
	EndGlobalSection
	GlobalSection(ExtensibilityGlobals) = postSolution
		SolutionGuid = {6A5E1886-4A19-4EF0-9E94-BDFC8B39D6FF}
	EndGlobalSection
EndGlobal
